
Microsoft Visual Studio Solution File, Format Version 12.00
# Visual Studio 2012
Project("{FAE04EC0-301F-11D3-BF4B-00C04F79EFBC}") = "RFID-Based Document Management", "RFID-Based Document Management\RFID-Based Document Management.csproj", "{1A22A14B-4550-46B7-88A5-A4D2818E9355}"
EndProject
Global
	GlobalSection(SolutionConfigurationPlatforms) = preSolution
		Debug|Any CPU = Debug|Any CPU
		Release|Any CPU = Release|Any CPU
	EndGlobalSection
	GlobalSection(ProjectConfigurationPlatforms) = postSolution
		{1A22A14B-4550-46B7-88A5-A4D2818E9355}.Debug|Any CPU.ActiveCfg = Debug|Any CPU
		{1A22A14B-4550-46B7-88A5-A4D2818E9355}.Debug|Any CPU.Build.0 = Debug|Any CPU
		{1A22A14B-4550-46B7-88A5-A4D2818E9355}.Release|Any CPU.ActiveCfg = Release|Any CPU
		{1A22A14B-4550-46B7-88A5-A4D2818E9355}.Release|Any CPU.Build.0 = Release|Any CPU
	EndGlobalSection
	GlobalSection(SolutionProperties) = preSolution
		HideSolutionNode = FALSE
	EndGlobalSection
EndGlobal
